
Microsoft Visual Studio Solution File, Format Version 12.00
# Visual Studio 15
VisualStudioVersion = 15.0.27703.2026
MinimumVisualStudioVersion = 10.0.40219.1
Project("{FAE04EC0-301F-11D3-BF4B-00C04F79EFBC}") = "SplitDirView", "SplitDirView\SplitDirView.csproj", "{F561CE42-C563-4AD3-AB55-B08E29557693}"
EndProject
Project("{FAE04EC0-301F-11D3-BF4B-00C04F79EFBC}") = "SplitDirViewDemo", "SplitDirViewDemo\SplitDirViewDemo.csproj", "{49E1EEC2-56E2-4889-B3B5-A017170D4BCD}"
EndProject
Project("{FAE04EC0-301F-11D3-BF4B-00C04F79EFBC}") = "IconGallery", "IconGallery\IconGallery.csproj", "{8A4ED308-0F55-4F4F-B21F-422920CE7A70}"
EndProject
Project("{FAE04EC0-301F-11D3-BF4B-00C04F79EFBC}") = "IconGalleryDemo", "IconGalleryDemo\IconGalleryDemo.csproj", "{12364321-1DA3-43B8-99C9-9A8D30BA67B1}"
EndProject
Project("{FAE04EC0-301F-11D3-BF4B-00C04F79EFBC}") = "ABFbrowseLib", "ABFbrowseLib\ABFbrowseLib.csproj", "{87B347A5-2058-47B6-B197-49B0E58072AE}"
EndProject
Project("{FAE04EC0-301F-11D3-BF4B-00C04F79EFBC}") = "ABFbrowseLibDemo", "ABFbrowseLibDemo\ABFbrowseLibDemo.csproj", "{8DC3EFE7-C6AA-416A-9AEE-F703B34D9406}"
EndProject
Project("{2150E333-8FDC-42A3-9474-1A3956D46DE8}") = "Solution Items", "Solution Items", "{02EC936C-C78E-4A05-8FE7-8477769AFCE6}"
	ProjectSection(SolutionItems) = preProject
		..\README.md = ..\README.md
	EndProjectSection
EndProject
Project("{FAE04EC0-301F-11D3-BF4B-00C04F79EFBC}") = "TifLibDemo", "TifLibDemo\TifLibDemo.csproj", "{6C4E4319-9F0D-409A-9611-77A6153DB9DF}"
EndProject
Project("{FAE04EC0-301F-11D3-BF4B-00C04F79EFBC}") = "TifLib", "TifLib\TifLib.csproj", "{8094CD1E-0B0E-45A7-80F5-277850067D9A}"
EndProject
Project("{FAE04EC0-301F-11D3-BF4B-00C04F79EFBC}") = "SwhLogLib", "SwhLogLib\SwhLogLib.csproj", "{6633916B-08D0-43F4-BE1F-57363E59F60B}"
EndProject
Global
	GlobalSection(SolutionConfigurationPlatforms) = preSolution
		Debug|Any CPU = Debug|Any CPU
		Release|Any CPU = Release|Any CPU
	EndGlobalSection
	GlobalSection(ProjectConfigurationPlatforms) = postSolution
		{F561CE42-C563-4AD3-AB55-B08E29557693}.Debug|Any CPU.ActiveCfg = Debug|Any CPU
		{F561CE42-C563-4AD3-AB55-B08E29557693}.Debug|Any CPU.Build.0 = Debug|Any CPU
		{F561CE42-C563-4AD3-AB55-B08E29557693}.Release|Any CPU.ActiveCfg = Release|Any CPU
		{F561CE42-C563-4AD3-AB55-B08E29557693}.Release|Any CPU.Build.0 = Release|Any CPU
		{49E1EEC2-56E2-4889-B3B5-A017170D4BCD}.Debug|Any CPU.ActiveCfg = Debug|Any CPU
		{49E1EEC2-56E2-4889-B3B5-A017170D4BCD}.Debug|Any CPU.Build.0 = Debug|Any CPU
		{49E1EEC2-56E2-4889-B3B5-A017170D4BCD}.Release|Any CPU.ActiveCfg = Release|Any CPU
		{49E1EEC2-56E2-4889-B3B5-A017170D4BCD}.Release|Any CPU.Build.0 = Release|Any CPU
		{8A4ED308-0F55-4F4F-B21F-422920CE7A70}.Debug|Any CPU.ActiveCfg = Debug|Any CPU
		{8A4ED308-0F55-4F4F-B21F-422920CE7A70}.Debug|Any CPU.Build.0 = Debug|Any CPU
		{8A4ED308-0F55-4F4F-B21F-422920CE7A70}.Release|Any CPU.ActiveCfg = Release|Any CPU
		{8A4ED308-0F55-4F4F-B21F-422920CE7A70}.Release|Any CPU.Build.0 = Release|Any CPU
		{12364321-1DA3-43B8-99C9-9A8D30BA67B1}.Debug|Any CPU.ActiveCfg = Debug|Any CPU
		{12364321-1DA3-43B8-99C9-9A8D30BA67B1}.Debug|Any CPU.Build.0 = Debug|Any CPU
		{12364321-1DA3-43B8-99C9-9A8D30BA67B1}.Release|Any CPU.ActiveCfg = Release|Any CPU
		{12364321-1DA3-43B8-99C9-9A8D30BA67B1}.Release|Any CPU.Build.0 = Release|Any CPU
		{87B347A5-2058-47B6-B197-49B0E58072AE}.Debug|Any CPU.ActiveCfg = Debug|Any CPU
		{87B347A5-2058-47B6-B197-49B0E58072AE}.Debug|Any CPU.Build.0 = Debug|Any CPU
		{87B347A5-2058-47B6-B197-49B0E58072AE}.Release|Any CPU.ActiveCfg = Release|Any CPU
		{87B347A5-2058-47B6-B197-49B0E58072AE}.Release|Any CPU.Build.0 = Release|Any CPU
		{8DC3EFE7-C6AA-416A-9AEE-F703B34D9406}.Debug|Any CPU.ActiveCfg = Debug|Any CPU
		{8DC3EFE7-C6AA-416A-9AEE-F703B34D9406}.Debug|Any CPU.Build.0 = Debug|Any CPU
		{8DC3EFE7-C6AA-416A-9AEE-F703B34D9406}.Release|Any CPU.ActiveCfg = Release|Any CPU
		{8DC3EFE7-C6AA-416A-9AEE-F703B34D9406}.Release|Any CPU.Build.0 = Release|Any CPU
		{6C4E4319-9F0D-409A-9611-77A6153DB9DF}.Debug|Any CPU.ActiveCfg = Debug|Any CPU
		{6C4E4319-9F0D-409A-9611-77A6153DB9DF}.Debug|Any CPU.Build.0 = Debug|Any CPU
		{6C4E4319-9F0D-409A-9611-77A6153DB9DF}.Release|Any CPU.ActiveCfg = Release|Any CPU
		{6C4E4319-9F0D-409A-9611-77A6153DB9DF}.Release|Any CPU.Build.0 = Release|Any CPU
		{8094CD1E-0B0E-45A7-80F5-277850067D9A}.Debug|Any CPU.ActiveCfg = Debug|Any CPU
		{8094CD1E-0B0E-45A7-80F5-277850067D9A}.Debug|Any CPU.Build.0 = Debug|Any CPU
		{8094CD1E-0B0E-45A7-80F5-277850067D9A}.Release|Any CPU.ActiveCfg = Release|Any CPU
		{8094CD1E-0B0E-45A7-80F5-277850067D9A}.Release|Any CPU.Build.0 = Release|Any CPU
		{6633916B-08D0-43F4-BE1F-57363E59F60B}.Debug|Any CPU.ActiveCfg = Debug|Any CPU
		{6633916B-08D0-43F4-BE1F-57363E59F60B}.Debug|Any CPU.Build.0 = Debug|Any CPU
		{6633916B-08D0-43F4-BE1F-57363E59F60B}.Release|Any CPU.ActiveCfg = Release|Any CPU
		{6633916B-08D0-43F4-BE1F-57363E59F60B}.Release|Any CPU.Build.0 = Release|Any CPU
	EndGlobalSection
	GlobalSection(SolutionProperties) = preSolution
		HideSolutionNode = FALSE
	EndGlobalSection
	GlobalSection(ExtensibilityGlobals) = postSolution
		SolutionGuid = {D143DA53-5BF3-4CD3-9E3E-DAFD5F0A24ED}
	EndGlobalSection
EndGlobal
